
Microsoft Visual Studio Solution File, Format Version 12.00
# Visual Studio 15
VisualStudioVersion = 15.0.27004.2005
MinimumVisualStudioVersion = 10.0.40219.1
Project("{FAE04EC0-301F-11D3-BF4B-00C04F79EFBC}") = "TocoDo.Android", "TocoDo\TocoDo.Android\TocoDo.Android.csproj", "{44973296-F203-432E-AE57-612816F32FD1}"
EndProject
Project("{FAE04EC0-301F-11D3-BF4B-00C04F79EFBC}") = "TocoDo.UWP", "TocoDo\TocoDo.UWP\TocoDo.UWP.csproj", "{6B29B702-0176-427A-BBBD-FB1A415C96F4}"
EndProject
Project("{FAE04EC0-301F-11D3-BF4B-00C04F79EFBC}") = "TocoDo.iOS", "TocoDo\TocoDo.iOS\TocoDo.iOS.csproj", "{A6C24F9D-5B81-41A2-9942-5803153027C0}"
EndProject
Project("{FAE04EC0-301F-11D3-BF4B-00C04F79EFBC}") = "TocoDo", "TocoDo\TocoDo\TocoDo.csproj", "{4C76A824-7BEE-429C-8B97-9A911968D81B}"
EndProject
Global
	GlobalSection(SolutionConfigurationPlatforms) = preSolution
		Ad-Hoc|Any CPU = Ad-Hoc|Any CPU
		Ad-Hoc|ARM = Ad-Hoc|ARM
		Ad-Hoc|iPhone = Ad-Hoc|iPhone
		Ad-Hoc|iPhoneSimulator = Ad-Hoc|iPhoneSimulator
		Ad-Hoc|x64 = Ad-Hoc|x64
		Ad-Hoc|x86 = Ad-Hoc|x86
		AppStore|Any CPU = AppStore|Any CPU
		AppStore|ARM = AppStore|ARM
		AppStore|iPhone = AppStore|iPhone
		AppStore|iPhoneSimulator = AppStore|iPhoneSimulator
		AppStore|x64 = AppStore|x64
		AppStore|x86 = AppStore|x86
		Debug|Any CPU = Debug|Any CPU
		Debug|ARM = Debug|ARM
		Debug|iPhone = Debug|iPhone
		Debug|iPhoneSimulator = Debug|iPhoneSimulator
		Debug|x64 = Debug|x64
		Debug|x86 = Debug|x86
		Release|Any CPU = Release|Any CPU
		Release|ARM = Release|ARM
		Release|iPhone = Release|iPhone
		Release|iPhoneSimulator = Release|iPhoneSimulator
		Release|x64 = Release|x64
		Release|x86 = Release|x86
	EndGlobalSection
	GlobalSection(ProjectConfigurationPlatforms) = postSolution
		{44973296-F203-432E-AE57-612816F32FD1}.Ad-Hoc|Any CPU.ActiveCfg = Release|Any CPU
		{44973296-F203-432E-AE57-612816F32FD1}.Ad-Hoc|Any CPU.Build.0 = Release|Any CPU
		{44973296-F203-432E-AE57-612816F32FD1}.Ad-Hoc|Any CPU.Deploy.0 = Release|Any CPU
		{44973296-F203-432E-AE57-612816F32FD1}.Ad-Hoc|ARM.ActiveCfg = Release|Any CPU
		{44973296-F203-432E-AE57-612816F32FD1}.Ad-Hoc|ARM.Build.0 = Release|Any CPU
		{44973296-F203-432E-AE57-612816F32FD1}.Ad-Hoc|ARM.Deploy.0 = Release|Any CPU
		{44973296-F203-432E-AE57-612816F32FD1}.Ad-Hoc|iPhone.ActiveCfg = Release|Any CPU
		{44973296-F203-432E-AE57-612816F32FD1}.Ad-Hoc|iPhone.Build.0 = Release|Any CPU
		{44973296-F203-432E-AE57-612816F32FD1}.Ad-Hoc|iPhone.Deploy.0 = Release|Any CPU
		{44973296-F203-432E-AE57-612816F32FD1}.Ad-Hoc|iPhoneSimulator.ActiveCfg = Release|Any CPU
		{44973296-F203-432E-AE57-612816F32FD1}.Ad-Hoc|iPhoneSimulator.Build.0 = Release|Any CPU
		{44973296-F203-432E-AE57-612816F32FD1}.Ad-Hoc|iPhoneSimulator.Deploy.0 = Release|Any CPU
		{44973296-F203-432E-AE57-612816F32FD1}.Ad-Hoc|x64.ActiveCfg = Release|Any CPU
		{44973296-F203-432E-AE57-612816F32FD1}.Ad-Hoc|x64.Build.0 = Release|Any CPU
		{44973296-F203-432E-AE57-612816F32FD1}.Ad-Hoc|x64.Deploy.0 = Release|Any CPU
		{44973296-F203-432E-AE57-612816F32FD1}.Ad-Hoc|x86.ActiveCfg = Release|Any CPU
		{44973296-F203-432E-AE57-612816F32FD1}.Ad-Hoc|x86.Build.0 = Release|Any CPU
		{44973296-F203-432E-AE57-612816F32FD1}.Ad-Hoc|x86.Deploy.0 = Release|Any CPU
		{44973296-F203-432E-AE57-612816F32FD1}.AppStore|Any CPU.ActiveCfg = Release|Any CPU
		{44973296-F203-432E-AE57-612816F32FD1}.AppStore|Any CPU.Build.0 = Release|Any CPU
		{44973296-F203-432E-AE57-612816F32FD1}.AppStore|Any CPU.Deploy.0 = Release|Any CPU
		{44973296-F203-432E-AE57-612816F32FD1}.AppStore|ARM.ActiveCfg = Release|Any CPU
		{44973296-F203-432E-AE57-612816F32FD1}.AppStore|ARM.Build.0 = Release|Any CPU
		{44973296-F203-432E-AE57-612816F32FD1}.AppStore|ARM.Deploy.0 = Release|Any CPU
		{44973296-F203-432E-AE57-612816F32FD1}.AppStore|iPhone.ActiveCfg = Release|Any CPU
		{44973296-F203-432E-AE57-612816F32FD1}.AppStore|iPhone.Build.0 = Release|Any CPU
		{44973296-F203-432E-AE57-612816F32FD1}.AppStore|iPhone.Deploy.0 = Release|Any CPU
		{44973296-F203-432E-AE57-612816F32FD1}.AppStore|iPhoneSimulator.ActiveCfg = Release|Any CPU
		{44973296-F203-432E-AE57-612816F32FD1}.AppStore|iPhoneSimulator.Build.0 = Release|Any CPU
		{44973296-F203-432E-AE57-612816F32FD1}.AppStore|iPhoneSimulator.Deploy.0 = Release|Any CPU
		{44973296-F203-432E-AE57-612816F32FD1}.AppStore|x64.ActiveCfg = Release|Any CPU
		{44973296-F203-432E-AE57-612816F32FD1}.AppStore|x64.Build.0 = Release|Any CPU
		{44973296-F203-432E-AE57-612816F32FD1}.AppStore|x64.Deploy.0 = Release|Any CPU
		{44973296-F203-432E-AE57-612816F32FD1}.AppStore|x86.ActiveCfg = Release|Any CPU
		{44973296-F203-432E-AE57-612816F32FD1}.AppStore|x86.Build.0 = Release|Any CPU
		{44973296-F203-432E-AE57-612816F32FD1}.AppStore|x86.Deploy.0 = Release|Any CPU
		{44973296-F203-432E-AE57-612816F32FD1}.Debug|Any CPU.ActiveCfg = Debug|Any CPU
		{44973296-F203-432E-AE57-612816F32FD1}.Debug|Any CPU.Build.0 = Debug|Any CPU
		{44973296-F203-432E-AE57-612816F32FD1}.Debug|Any CPU.Deploy.0 = Debug|Any CPU
		{44973296-F203-432E-AE57-612816F32FD1}.Debug|ARM.ActiveCfg = Debug|Any CPU
		{44973296-F203-432E-AE57-612816F32FD1}.Debug|ARM.Build.0 = Debug|Any CPU
		{44973296-F203-432E-AE57-612816F32FD1}.Debug|ARM.Deploy.0 = Debug|Any CPU
		{44973296-F203-432E-AE57-612816F32FD1}.Debug|iPhone.ActiveCfg = Debug|Any CPU
		{44973296-F203-432E-AE57-612816F32FD1}.Debug|iPhone.Build.0 = Debug|Any CPU
		{44973296-F203-432E-AE57-612816F32FD1}.Debug|iPhone.Deploy.0 = Debug|Any CPU
		{44973296-F203-432E-AE57-612816F32FD1}.Debug|iPhoneSimulator.ActiveCfg = Debug|Any CPU
		{44973296-F203-432E-AE57-612816F32FD1}.Debug|iPhoneSimulator.Build.0 = Debug|Any CPU
		{44973296-F203-432E-AE57-612816F32FD1}.Debug|iPhoneSimulator.Deploy.0 = Debug|Any CPU
		{44973296-F203-432E-AE57-612816F32FD1}.Debug|x64.ActiveCfg = Debug|Any CPU
		{44973296-F203-432E-AE57-612816F32FD1}.Debug|x64.Build.0 = Debug|Any CPU
		{44973296-F203-432E-AE57-612816F32FD1}.Debug|x64.Deploy.0 = Debug|Any CPU
		{44973296-F203-432E-AE57-612816F32FD1}.Debug|x86.ActiveCfg = Debug|Any CPU
		{44973296-F203-432E-AE57-612816F32FD1}.Debug|x86.Build.0 = Debug|Any CPU
		{44973296-F203-432E-AE57-612816F32FD1}.Debug|x86.Deploy.0 = Debug|Any CPU
		{44973296-F203-432E-AE57-612816F32FD1}.Release|Any CPU.ActiveCfg = Release|Any CPU
		{44973296-F203-432E-AE57-612816F32FD1}.Release|Any CPU.Build.0 = Release|Any CPU
		{44973296-F203-432E-AE57-612816F32FD1}.Release|Any CPU.Deploy.0 = Release|Any CPU
		{44973296-F203-432E-AE57-612816F32FD1}.Release|ARM.ActiveCfg = Release|Any CPU
		{44973296-F203-432E-AE57-612816F32FD1}.Release|ARM.Build.0 = Release|Any CPU
		{44973296-F203-432E-AE57-612816F32FD1}.Release|ARM.Deploy.0 = Release|Any CPU
		{44973296-F203-432E-AE57-612816F32FD1}.Release|iPhone.ActiveCfg = Release|Any CPU
		{44973296-F203-432E-AE57-612816F32FD1}.Release|iPhone.Build.0 = Release|Any CPU
		{44973296-F203-432E-AE57-612816F32FD1}.Release|iPhone.Deploy.0 = Release|Any CPU
		{44973296-F203-432E-AE57-612816F32FD1}.Release|iPhoneSimulator.ActiveCfg = Release|Any CPU
		{44973296-F203-432E-AE57-612816F32FD1}.Release|iPhoneSimulator.Build.0 = Release|Any CPU
		{44973296-F203-432E-AE57-612816F32FD1}.Release|iPhoneSimulator.Deploy.0 = Release|Any CPU
		{44973296-F203-432E-AE57-612816F32FD1}.Release|x64.ActiveCfg = Release|Any CPU
		{44973296-F203-432E-AE57-612816F32FD1}.Release|x64.Build.0 = Release|Any CPU
		{44973296-F203-432E-AE57-612816F32FD1}.Release|x64.Deploy.0 = Release|Any CPU
		{44973296-F203-432E-AE57-612816F32FD1}.Release|x86.ActiveCfg = Release|Any CPU
		{44973296-F203-432E-AE57-612816F32FD1}.Release|x86.Build.0 = Release|Any CPU
		{44973296-F203-432E-AE57-612816F32FD1}.Release|x86.Deploy.0 = Release|Any CPU
		{6B29B702-0176-427A-BBBD-FB1A415C96F4}.Ad-Hoc|Any CPU.ActiveCfg = Release|x86
		{6B29B702-0176-427A-BBBD-FB1A415C96F4}.Ad-Hoc|Any CPU.Build.0 = Release|x86
		{6B29B702-0176-427A-BBBD-FB1A415C96F4}.Ad-Hoc|Any CPU.Deploy.0 = Release|x86
		{6B29B702-0176-427A-BBBD-FB1A415C96F4}.Ad-Hoc|ARM.ActiveCfg = Release|ARM
		{6B29B702-0176-427A-BBBD-FB1A415C96F4}.Ad-Hoc|ARM.Build.0 = Release|ARM
		{6B29B702-0176-427A-BBBD-FB1A415C96F4}.Ad-Hoc|ARM.Deploy.0 = Release|ARM
		{6B29B702-0176-427A-BBBD-FB1A415C96F4}.Ad-Hoc|iPhone.ActiveCfg = Release|x86
		{6B29B702-0176-427A-BBBD-FB1A415C96F4}.Ad-Hoc|iPhone.Build.0 = Release|x86
		{6B29B702-0176-427A-BBBD-FB1A415C96F4}.Ad-Hoc|iPhone.Deploy.0 = Release|x86
		{6B29B702-0176-427A-BBBD-FB1A415C96F4}.Ad-Hoc|iPhoneSimulator.ActiveCfg = Release|x86
		{6B29B702-0176-427A-BBBD-FB1A415C96F4}.Ad-Hoc|iPhoneSimulator.Build.0 = Release|x86
		{6B29B702-0176-427A-BBBD-FB1A415C96F4}.Ad-Hoc|iPhoneSimulator.Deploy.0 = Release|x86
		{6B29B702-0176-427A-BBBD-FB1A415C96F4}.Ad-Hoc|x64.ActiveCfg = Release|x64
		{6B29B702-0176-427A-BBBD-FB1A415C96F4}.Ad-Hoc|x64.Build.0 = Release|x64
		{6B29B702-0176-427A-BBBD-FB1A415C96F4}.Ad-Hoc|x64.Deploy.0 = Release|x64
		{6B29B702-0176-427A-BBBD-FB1A415C96F4}.Ad-Hoc|x86.ActiveCfg = Release|x86
		{6B29B702-0176-427A-BBBD-FB1A415C96F4}.Ad-Hoc|x86.Build.0 = Release|x86
		{6B29B702-0176-427A-BBBD-FB1A415C96F4}.Ad-Hoc|x86.Deploy.0 = Release|x86
		{6B29B702-0176-427A-BBBD-FB1A415C96F4}.AppStore|Any CPU.ActiveCfg = Release|x86
		{6B29B702-0176-427A-BBBD-FB1A415C96F4}.AppStore|Any CPU.Build.0 = Release|x86
		{6B29B702-0176-427A-BBBD-FB1A415C96F4}.AppStore|Any CPU.Deploy.0 = Release|x86
		{6B29B702-0176-427A-BBBD-FB1A415C96F4}.AppStore|ARM.ActiveCfg = Release|ARM
		{6B29B702-0176-427A-BBBD-FB1A415C96F4}.AppStore|ARM.Build.0 = Release|ARM
		{6B29B702-0176-427A-BBBD-FB1A415C96F4}.AppStore|ARM.Deploy.0 = Release|ARM
		{6B29B702-0176-427A-BBBD-FB1A415C96F4}.AppStore|iPhone.ActiveCfg = Release|x86
		{6B29B702-0176-427A-BBBD-FB1A415C96F4}.AppStore|iPhone.Build.0 = Release|x86
		{6B29B702-0176-427A-BBBD-FB1A415C96F4}.AppStore|iPhone.Deploy.0 = Release|x86
		{6B29B702-0176-427A-BBBD-FB1A415C96F4}.AppStore|iPhoneSimulator.ActiveCfg = Release|x86
		{6B29B702-0176-427A-BBBD-FB1A415C96F4}.AppStore|iPhoneSimulator.Build.0 = Release|x86
		{6B29B702-0176-427A-BBBD-FB1A415C96F4}.AppStore|iPhoneSimulator.Deploy.0 = Release|x86
		{6B29B702-0176-427A-BBBD-FB1A415C96F4}.AppStore|x64.ActiveCfg = Release|x64
		{6B29B702-0176-427A-BBBD-FB1A415C96F4}.AppStore|x64.Build.0 = Release|x64
		{6B29B702-0176-427A-BBBD-FB1A415C96F4}.AppStore|x64.Deploy.0 = Release|x64
		{6B29B702-0176-427A-BBBD-FB1A415C96F4}.AppStore|x86.ActiveCfg = Release|x86
		{6B29B702-0176-427A-BBBD-FB1A415C96F4}.AppStore|x86.Build.0 = Release|x86
		{6B29B702-0176-427A-BBBD-FB1A415C96F4}.AppStore|x86.Deploy.0 = Release|x86
		{6B29B702-0176-427A-BBBD-FB1A415C96F4}.Debug|Any CPU.ActiveCfg = Debug|x86
		{6B29B702-0176-427A-BBBD-FB1A415C96F4}.Debug|ARM.ActiveCfg = Debug|ARM
		{6B29B702-0176-427A-BBBD-FB1A415C96F4}.Debug|ARM.Build.0 = Debug|ARM
		{6B29B702-0176-427A-BBBD-FB1A415C96F4}.Debug|ARM.Deploy.0 = Debug|ARM
		{6B29B702-0176-427A-BBBD-FB1A415C96F4}.Debug|iPhone.ActiveCfg = Debug|x86
		{6B29B702-0176-427A-BBBD-FB1A415C96F4}.Debug|iPhoneSimulator.ActiveCfg = Debug|x86
		{6B29B702-0176-427A-BBBD-FB1A415C96F4}.Debug|x64.ActiveCfg = Debug|x64
		{6B29B702-0176-427A-BBBD-FB1A415C96F4}.Debug|x64.Build.0 = Debug|x64
		{6B29B702-0176-427A-BBBD-FB1A415C96F4}.Debug|x64.Deploy.0 = Debug|x64
		{6B29B702-0176-427A-BBBD-FB1A415C96F4}.Debug|x86.ActiveCfg = Debug|x86
		{6B29B702-0176-427A-BBBD-FB1A415C96F4}.Debug|x86.Build.0 = Debug|x86
		{6B29B702-0176-427A-BBBD-FB1A415C96F4}.Debug|x86.Deploy.0 = Debug|x86
		{6B29B702-0176-427A-BBBD-FB1A415C96F4}.Release|Any CPU.ActiveCfg = Release|x86
		{6B29B702-0176-427A-BBBD-FB1A415C96F4}.Release|ARM.ActiveCfg = Release|ARM
		{6B29B702-0176-427A-BBBD-FB1A415C96F4}.Release|ARM.Build.0 = Release|ARM
		{6B29B702-0176-427A-BBBD-FB1A415C96F4}.Release|ARM.Deploy.0 = Release|ARM
		{6B29B702-0176-427A-BBBD-FB1A415C96F4}.Release|iPhone.ActiveCfg = Release|x86
		{6B29B702-0176-427A-BBBD-FB1A415C96F4}.Release|iPhoneSimulator.ActiveCfg = Release|x86
		{6B29B702-0176-427A-BBBD-FB1A415C96F4}.Release|x64.ActiveCfg = Release|x64
		{6B29B702-0176-427A-BBBD-FB1A415C96F4}.Release|x64.Build.0 = Release|x64
		{6B29B702-0176-427A-BBBD-FB1A415C96F4}.Release|x64.Deploy.0 = Release|x64
		{6B29B702-0176-427A-BBBD-FB1A415C96F4}.Release|x86.ActiveCfg = Release|x86
		{6B29B702-0176-427A-BBBD-FB1A415C96F4}.Release|x86.Build.0 = Release|x86
		{6B29B702-0176-427A-BBBD-FB1A415C96F4}.Release|x86.Deploy.0 = Release|x86
		{A6C24F9D-5B81-41A2-9942-5803153027C0}.Ad-Hoc|Any CPU.ActiveCfg = Ad-Hoc|iPhoneSimulator
		{A6C24F9D-5B81-41A2-9942-5803153027C0}.Ad-Hoc|ARM.ActiveCfg = Ad-Hoc|iPhone
		{A6C24F9D-5B81-41A2-9942-5803153027C0}.Ad-Hoc|iPhone.ActiveCfg = Ad-Hoc|iPhone
		{A6C24F9D-5B81-41A2-9942-5803153027C0}.Ad-Hoc|iPhone.Build.0 = Ad-Hoc|iPhone
		{A6C24F9D-5B81-41A2-9942-5803153027C0}.Ad-Hoc|iPhoneSimulator.ActiveCfg = Ad-Hoc|iPhoneSimulator
		{A6C24F9D-5B81-41A2-9942-5803153027C0}.Ad-Hoc|iPhoneSimulator.Build.0 = Ad-Hoc|iPhoneSimulator
		{A6C24F9D-5B81-41A2-9942-5803153027C0}.Ad-Hoc|x64.ActiveCfg = Ad-Hoc|iPhone
		{A6C24F9D-5B81-41A2-9942-5803153027C0}.Ad-Hoc|x86.ActiveCfg = Ad-Hoc|iPhone
		{A6C24F9D-5B81-41A2-9942-5803153027C0}.AppStore|Any CPU.ActiveCfg = AppStore|iPhoneSimulator
		{A6C24F9D-5B81-41A2-9942-5803153027C0}.AppStore|ARM.ActiveCfg = AppStore|iPhone
		{A6C24F9D-5B81-41A2-9942-5803153027C0}.AppStore|iPhone.ActiveCfg = AppStore|iPhone
		{A6C24F9D-5B81-41A2-9942-5803153027C0}.AppStore|iPhone.Build.0 = AppStore|iPhone
		{A6C24F9D-5B81-41A2-9942-5803153027C0}.AppStore|iPhoneSimulator.ActiveCfg = AppStore|iPhoneSimulator
		{A6C24F9D-5B81-41A2-9942-5803153027C0}.AppStore|iPhoneSimulator.Build.0 = AppStore|iPhoneSimulator
		{A6C24F9D-5B81-41A2-9942-5803153027C0}.AppStore|x64.ActiveCfg = AppStore|iPhone
		{A6C24F9D-5B81-41A2-9942-5803153027C0}.AppStore|x86.ActiveCfg = AppStore|iPhone
		{A6C24F9D-5B81-41A2-9942-5803153027C0}.Debug|Any CPU.ActiveCfg = Debug|iPhoneSimulator
		{A6C24F9D-5B81-41A2-9942-5803153027C0}.Debug|ARM.ActiveCfg = Debug|iPhone
		{A6C24F9D-5B81-41A2-9942-5803153027C0}.Debug|iPhone.ActiveCfg = Debug|iPhone
		{A6C24F9D-5B81-41A2-9942-5803153027C0}.Debug|iPhone.Build.0 = Debug|iPhone
		{A6C24F9D-5B81-41A2-9942-5803153027C0}.Debug|iPhoneSimulator.ActiveCfg = Debug|iPhoneSimulator
		{A6C24F9D-5B81-41A2-9942-5803153027C0}.Debug|iPhoneSimulator.Build.0 = Debug|iPhoneSimulator
		{A6C24F9D-5B81-41A2-9942-5803153027C0}.Debug|x64.ActiveCfg = Debug|iPhone
		{A6C24F9D-5B81-41A2-9942-5803153027C0}.Debug|x86.ActiveCfg = Debug|iPhone
		{A6C24F9D-5B81-41A2-9942-5803153027C0}.Release|Any CPU.ActiveCfg = Release|iPhoneSimulator
		{A6C24F9D-5B81-41A2-9942-5803153027C0}.Release|ARM.ActiveCfg = Release|iPhone
		{A6C24F9D-5B81-41A2-9942-5803153027C0}.Release|iPhone.ActiveCfg = Release|iPhone
		{A6C24F9D-5B81-41A2-9942-5803153027C0}.Release|iPhone.Build.0 = Release|iPhone
		{A6C24F9D-5B81-41A2-9942-5803153027C0}.Release|iPhoneSimulator.ActiveCfg = Release|iPhoneSimulator
		{A6C24F9D-5B81-41A2-9942-5803153027C0}.Release|iPhoneSimulator.Build.0 = Release|iPhoneSimulator
		{A6C24F9D-5B81-41A2-9942-5803153027C0}.Release|x64.ActiveCfg = Release|iPhone
		{A6C24F9D-5B81-41A2-9942-5803153027C0}.Release|x86.ActiveCfg = Release|iPhone
		{4C76A824-7BEE-429C-8B97-9A911968D81B}.Ad-Hoc|Any CPU.ActiveCfg = Debug|Any CPU
		{4C76A824-7BEE-429C-8B97-9A911968D81B}.Ad-Hoc|Any CPU.Build.0 = Debug|Any CPU
		{4C76A824-7BEE-429C-8B97-9A911968D81B}.Ad-Hoc|ARM.ActiveCfg = Debug|Any CPU
		{4C76A824-7BEE-429C-8B97-9A911968D81B}.Ad-Hoc|ARM.Build.0 = Debug|Any CPU
		{4C76A824-7BEE-429C-8B97-9A911968D81B}.Ad-Hoc|iPhone.ActiveCfg = Debug|Any CPU
		{4C76A824-7BEE-429C-8B97-9A911968D81B}.Ad-Hoc|iPhone.Build.0 = Debug|Any CPU
		{4C76A824-7BEE-429C-8B97-9A911968D81B}.Ad-Hoc|iPhoneSimulator.ActiveCfg = Debug|Any CPU
		{4C76A824-7BEE-429C-8B97-9A911968D81B}.Ad-Hoc|iPhoneSimulator.Build.0 = Debug|Any CPU
		{4C76A824-7BEE-429C-8B97-9A911968D81B}.Ad-Hoc|x64.ActiveCfg = Debug|Any CPU
		{4C76A824-7BEE-429C-8B97-9A911968D81B}.Ad-Hoc|x64.Build.0 = Debug|Any CPU
		{4C76A824-7BEE-429C-8B97-9A911968D81B}.Ad-Hoc|x86.ActiveCfg = Debug|Any CPU
		{4C76A824-7BEE-429C-8B97-9A911968D81B}.Ad-Hoc|x86.Build.0 = Debug|Any CPU
		{4C76A824-7BEE-429C-8B97-9A911968D81B}.AppStore|Any CPU.ActiveCfg = Debug|Any CPU
		{4C76A824-7BEE-429C-8B97-9A911968D81B}.AppStore|Any CPU.Build.0 = Debug|Any CPU
		{4C76A824-7BEE-429C-8B97-9A911968D81B}.AppStore|ARM.ActiveCfg = Debug|Any CPU
		{4C76A824-7BEE-429C-8B97-9A911968D81B}.AppStore|ARM.Build.0 = Debug|Any CPU
		{4C76A824-7BEE-429C-8B97-9A911968D81B}.AppStore|iPhone.ActiveCfg = Debug|Any CPU
		{4C76A824-7BEE-429C-8B97-9A911968D81B}.AppStore|iPhone.Build.0 = Debug|Any CPU
		{4C76A824-7BEE-429C-8B97-9A911968D81B}.AppStore|iPhoneSimulator.ActiveCfg = Debug|Any CPU
		{4C76A824-7BEE-429C-8B97-9A911968D81B}.AppStore|iPhoneSimulator.Build.0 = Debug|Any CPU
		{4C76A824-7BEE-429C-8B97-9A911968D81B}.AppStore|x64.ActiveCfg = Debug|Any CPU
		{4C76A824-7BEE-429C-8B97-9A911968D81B}.AppStore|x64.Build.0 = Debug|Any CPU
		{4C76A824-7BEE-429C-8B97-9A911968D81B}.AppStore|x86.ActiveCfg = Debug|Any CPU
		{4C76A824-7BEE-429C-8B97-9A911968D81B}.AppStore|x86.Build.0 = Debug|Any CPU
		{4C76A824-7BEE-429C-8B97-9A911968D81B}.Debug|Any CPU.ActiveCfg = Debug|Any CPU
		{4C76A824-7BEE-429C-8B97-9A911968D81B}.Debug|Any CPU.Build.0 = Debug|Any CPU
		{4C76A824-7BEE-429C-8B97-9A911968D81B}.Debug|ARM.ActiveCfg = Debug|Any CPU
		{4C76A824-7BEE-429C-8B97-9A911968D81B}.Debug|ARM.Build.0 = Debug|Any CPU
		{4C76A824-7BEE-429C-8B97-9A911968D81B}.Debug|iPhone.ActiveCfg = Debug|Any CPU
		{4C76A824-7BEE-429C-8B97-9A911968D81B}.Debug|iPhone.Build.0 = Debug|Any CPU
		{4C76A824-7BEE-429C-8B97-9A911968D81B}.Debug|iPhoneSimulator.ActiveCfg = Debug|Any CPU
		{4C76A824-7BEE-429C-8B97-9A911968D81B}.Debug|iPhoneSimulator.Build.0 = Debug|Any CPU
		{4C76A824-7BEE-429C-8B97-9A911968D81B}.Debug|x64.ActiveCfg = Debug|Any CPU
		{4C76A824-7BEE-429C-8B97-9A911968D81B}.Debug|x64.Build.0 = Debug|Any CPU
		{4C76A824-7BEE-429C-8B97-9A911968D81B}.Debug|x86.ActiveCfg = Debug|Any CPU
		{4C76A824-7BEE-429C-8B97-9A911968D81B}.Debug|x86.Build.0 = Debug|Any CPU
		{4C76A824-7BEE-429C-8B97-9A911968D81B}.Release|Any CPU.ActiveCfg = Release|Any CPU
		{4C76A824-7BEE-429C-8B97-9A911968D81B}.Release|Any CPU.Build.0 = Release|Any CPU
		{4C76A824-7BEE-429C-8B97-9A911968D81B}.Release|ARM.ActiveCfg = Release|Any CPU
		{4C76A824-7BEE-429C-8B97-9A911968D81B}.Release|ARM.Build.0 = Release|Any CPU
		{4C76A824-7BEE-429C-8B97-9A911968D81B}.Release|iPhone.ActiveCfg = Release|Any CPU
		{4C76A824-7BEE-429C-8B97-9A911968D81B}.Release|iPhone.Build.0 = Release|Any CPU
		{4C76A824-7BEE-429C-8B97-9A911968D81B}.Release|iPhoneSimulator.ActiveCfg = Release|Any CPU
		{4C76A824-7BEE-429C-8B97-9A911968D81B}.Release|iPhoneSimulator.Build.0 = Release|Any CPU
		{4C76A824-7BEE-429C-8B97-9A911968D81B}.Release|x64.ActiveCfg = Release|Any CPU
		{4C76A824-7BEE-429C-8B97-9A911968D81B}.Release|x64.Build.0 = Release|Any CPU
		{4C76A824-7BEE-429C-8B97-9A911968D81B}.Release|x86.ActiveCfg = Release|Any CPU
		{4C76A824-7BEE-429C-8B97-9A911968D81B}.Release|x86.Build.0 = Release|Any CPU
	EndGlobalSection
	GlobalSection(SolutionProperties) = preSolution
		HideSolutionNode = FALSE
	EndGlobalSection
	GlobalSection(ExtensibilityGlobals) = postSolution
		SolutionGuid = {1D277EFB-5517-4185-8E2E-E59CAB9AD697}
	EndGlobalSection
EndGlobal
